github.com/archnum/sdk.application v0.0.0-20250104200632-f4699319c510 h1:FRgdsxhiaQ3z70gwoF+Od5pbC3a1dMWf9mwzUSgnKvc=
github.com/archnum/sdk.application v0.0.0-20250104200632-f4699319c510/go.mod h1:1xhSRN9LlwjKaI0ktfd+iAVTPg3C03r2g9YNvo308S8=
github.com/archnum/sdk.base v0.0.0-20250104131552-c800301e8b7b h1:GgLU5tq/3NCTv/KiAkdGWRnUrnncMl+2q1c9EOowCbs=
github.com/archnum/sdk.base v0.0.0-20250104131552-c800301e8b7b/go.mod h1:h5+FkrHpSTmuatLr4efkSIUh7hldsT+BNy7OHKo1ZNk=
github.com/archnum/sdk.http v0.0.0-20250105093631-26814f98813a h1:Z+7gH6S+ObmCvlj90+VD5wKJvyHsZaoo1sMWwU7w1rk=
github.com/archnum/sdk.http v0.0.0-20250105093631-26814f98813a/go.mod h1:ob0+22R+l8t5chZUHCw6f5HgZsUnVWQSerhPWFj76Zo=
github.com/archnum/sdk.loggers v0.0.0-20250104145420-539e3fc1f1ec h1:kYEEfG9oYJmrYX+maxmux+J7IOMv9IbCiuuKDeW/ryY=
github.com/archnum/sdk.loggers v0.0.0-20250104145420-539e3fc1f1ec/go.mod h1:jdN+/3cEoVzqh+KWvPEQ1/p618sjTGa7gB6/9uliqv0=
github.com/coreos/go-systemd/v22 v22.5.0 h1:RrqgGjYQKalulkV8NGVIfkXQf6YYmOyiJKk8iXXhfZs=
github.com/coreos/go-systemd/v22 v22.5.0/go.mod h1:Y58oyj3AT4RCenI/lSvhwexgC+NSVTIJ3seZv2GcEnc=
github.com/go-viper/mapstructure/v2 v2.2.1 h1:ZAaOCxANMuZx5RCeg0mBdEZk7DZasvvZIxtHqx8aGss=
github.com/go-viper/mapstructure/v2 v2.2.1/go.mod h1:oJDH3BJKyqBA2TXFhDsKDGDTlndYOZ6rGS0BRZIxGhM=
github.com/godbus/dbus/v5 v5.0.4/go.mod h1:xhWf0FNVPg57R7Z0UbKHbJfkEywrmjJnf7w5xrFpKfA=
github.com/ltrochet/loggers v0.0.0-20241231182134-97fb6d303182 h1:rd4rVn/BexXYkFFyFYg2rrdQUArQ5v557TGj1TGWOK8=
github.com/ltrochet/loggers v0.0.0-20241231182134-97fb6d303182/go.mod h1:fTl6Vz5zddzJB45RYyTPQcCf2mDtpT8xDNaCG2AVeUI=
github.com/maragudk/gomponents v0.22.0 h1:0gNrSDC1nM6w0Vxj5wgGXqV8frDH9UVPE+dEyy4ApPQ=
github.com/maragudk/gomponents v0.22.0/go.mod h1:nHkNnZL6ODgMBeJhrZjkMHVvNdoYsfmpKB2/hjdQ0Hg=
github.com/robfig/cron/v3 v3.0.1 h1:WdRxkvbJztn8LMz/QEvLN5sBU+xKpSqwwUO1Pjr4qDs=
github.com/robfig/cron/v3 v3.0.1/go.mod h1:eQICP3HwyT7UooqI/z+Ov+PtYAWygg1TEWWzGIFLtro=
gopkg.in/check.v1 v0.0.0-20161208181325-20d25e280405 h1:yhCVgyC4o1eVCa2tZl7eS0r+SDo693bJlVdllGtEeKM=
gopkg.in/check.v1 v0.0.0-20161208181325-20d25e280405/go.mod h1:Co6ibVJAznAaIkqp8huTwlJQCZ016jof/cbN4VW5Yz0=
gopkg.in/yaml.v3 v3.0.1 h1:fxVm/GzAzEWqLHuvctI91KS9hhNmmWOoWu0XTYJS7CA=
gopkg.in/yaml.v3 v3.0.1/go.mod h1:K4uyk7z7BCEPqu6E+C64Yfv1cQ7kz7rIZviUmN+EgEM=
